// !$*UTF8*$!
{
	archiveVersion = 1;
	classes = {
	};
	objectVersion = 46;
	objects = {

/* Begin PBXFileReference section */
		D83EDDD31A538C2B0058BD1D /* GuidedTour.playground */ = {isa = PBXFileReference; lastKnownFileType = file.playground; path = GuidedTour.playground; sourceTree = "<group>"; };
/* End PBXFileReference section */

/* Begin PBXGroup section */
		D83EDDCB1A5387B00058BD1D = {
			isa = PBXGroup;
			children = (
				D83EDDD31A538C2B0058BD1D /* GuidedTour.playground */,
			);
			sourceTree = "<group>";
		};
/* End PBXGroup section */

/* Begin PBXProject section */
		D83EDDCC1A5387B00058BD1D /* Project object */ = {
			isa = PBXProject;
			attributes = {
				LastUpgradeCheck = 0610;
			};
			buildConfigurationList = D83EDDCF1A5387B00058BD1D /* Build configuration list for PBXProject "PlaySwift" */;
			compatibilityVersion = "Xcode 3.2";
			developmentRegion = English;
			hasScannedForEncodings = 0;
			knownRegions = (
				en,
			);
			mainGroup = D83EDDCB1A5387B00058BD1D;
			projectDirPath = "";
			projectRoot = "";
			targets = (
			);
		};
/* End PBXProject section */

/* Begin XCBuildConfiguration section */
		D83EDDD01A5387B00058BD1D /* Debug */ = {
			isa = XCBuildConfiguration;
			buildSettings = {
			};
			name = Debug;
		};
		D83EDDD11A5387B00058BD1D /* Release */ = {
			isa = XCBuildConfiguration;
			buildSettings = {
			};
			name = Release;
		};
/* End XCBuildConfiguration section */

/* Begin XCConfigurationList section */
		D83EDDCF1A5387B00058BD1D /* Build configuration list for PBXProject "PlaySwift" */ = {
			isa = XCConfigurationList;
			buildConfigurations = (
				D83EDDD01A5387B00058BD1D /* Debug */,
				D83EDDD11A5387B00058BD1D /* Release */,
			);
			defaultConfigurationIsVisible = 0;
			defaultConfigurationName = Debug;
		};
/* End XCConfigurationList section */
	};
	rootObject = D83EDDCC1A5387B00058BD1D /* Project object */;
}
